
Microsoft Visual Studio Solution File, Format Version 12.00
# Visual Studio Version 17
VisualStudioVersion = 17.4.33213.308
MinimumVisualStudioVersion = 10.0.40219.1
Project("{FAE04EC0-301F-11D3-BF4B-00C04F79EFBC}") = "WinFormsApp1", "WinFormsApp1\WinFormsApp1.csproj", "{42FFBC81-F2E7-4E11-A366-62A1A4F42B06}"
EndProject
Global
	GlobalSection(SolutionConfigurationPlatforms) = preSolution
		Debug|Any CPU = Debug|Any CPU
		Release|Any CPU = Release|Any CPU
	EndGlobalSection
	GlobalSection(ProjectConfigurationPlatforms) = postSolution
		{42FFBC81-F2E7-4E11-A366-62A1A4F42B06}.Debug|Any CPU.ActiveCfg = Debug|Any CPU
		{42FFBC81-F2E7-4E11-A366-62A1A4F42B06}.Debug|Any CPU.Build.0 = Debug|Any CPU
		{42FFBC81-F2E7-4E11-A366-62A1A4F42B06}.Release|Any CPU.ActiveCfg = Release|Any CPU
		{42FFBC81-F2E7-4E11-A366-62A1A4F42B06}.Release|Any CPU.Build.0 = Release|Any CPU
	EndGlobalSection
	GlobalSection(SolutionProperties) = preSolution
		HideSolutionNode = FALSE
	EndGlobalSection
	GlobalSection(ExtensibilityGlobals) = postSolution
		SolutionGuid = {96D88D47-29EE-44AD-8BD2-370A5A067853}
	EndGlobalSection
EndGlobal
